lockfileVersion: '9.0'

settings:
  autoInstallPeers: true
  excludeLinksFromLockfile: false

packageExtensionsChecksum: 6230d00212601a1bf2d8c40f9c854883

importers:

  .:
    devDependencies:
      '@types/node':
        specifier: 20.9.0
        version: 20.9.0
      typescript:
        specifier: 5.6.2
        version: 5.6.2

packages:

  '@types/node@20.9.0':
    resolution: {integrity: sha512-nekiGu2NDb1BcVofVcEKMIwzlx4NjHlcjhoxxKBNLtz15Y1z7MYf549DFvkHSId02Ax6kGwWntIBPC3l/JZcmw==}

  typescript@5.6.2:
    resolution: {integrity: sha512-NW8ByodCSNCwZeghjN3o+JX5OFH0Ojg6sadjEKY4huZ52TqbJTJnDo5+Tw98lSy63NZvi4n+ez5m2u5d4PkZyw==}
    engines: {node: '>=14.17'}
    hasBin: true

  undici-types@5.26.5:
    resolution: {integrity: sha512-JlCMO+ehdEIKqlFxk6IfVoAUVmgz7cU7zD/h9XZ0qzeosSHmUJVOzSQvvYSYWXkFXC+IfLKSIffhv0sVZup6pA==}

onlyBuiltDependencies: []

snapshots:

  '@types/node@20.9.0':
    dependencies:
      undici-types: 5.26.5

  typescript@5.6.2: {}

  undici-types@5.26.5: {}
